<?xml version="1.0" encoding="UTF-8"?>
<Scheme
   version = "1.3">
   <BuildAction>
      <BuildActionEntries>
         <BuildActionEntry
            buildForRunning = "YES">
            <BuildableReference
               BuildableIdentifier = "primary"
               BlueprintIdentifier = "ABC35A8B3F553199E26BD675"
               BuildableName = "ca.andrewvtan.app"
               BlueprintName = "ca.andrewvtan"
               ReferencedContainer = "container:ca.andrewvtan.xcodeproj">
            </BuildableReference>
         </BuildActionEntry>
      </BuildActionEntries>
   </BuildAction>
   <LaunchAction
      useCustomWorkingDirectory = "NO"
      buildConfiguration = "Debug"
      allowLocationSimulation = "YES">
      <BuildableProductRunnable>
         <BuildableReference
            BuildableIdentifier = "primary"
            BlueprintIdentifier = "ABC35A8B3F553199E26BD675"
            BuildableName = "ca.andrewvtan.app"
            BlueprintName = "ca.andrewvtan"
            ReferencedContainer = "container:ca.andrewvtan.xcodeproj">
         </BuildableReference>
      </BuildableProductRunnable>
   </LaunchAction>
</Scheme>
